{
  "name": "downlink-node",
  "version": "1.0.0",
  "lockfileVersion": 2,
  "requires": true,
  "packages": {
    "": {
      "version": "1.0.0",
      "license": "ISC",
      "dependencies": {
        "node-fetch": "^2.6.1",
        "wallpaper": "^4.4.2"
      }
    },
    "node_modules/node-fetch": {
      "version": "2.6.1",
      "resolved": "https://registry.npmjs.org/node-fetch/-/node-fetch-2.6.1.tgz",
      "integrity": "sha512-V4aYg89jEoVRxRb2fJdAg8FHvI7cEyYdVAh94HH0UIK8oJxUfkjlDQN9RbMx+bEjP7+ggMiFRprSti032Oipxw==",
      "engines": {
        "node": "4.x || >=6.0.0"
      }
    },
    "node_modules/wallpaper": {
      "version": "4.4.2",
      "resolved": "https://registry.npmjs.org/wallpaper/-/wallpaper-4.4.2.tgz",
      "integrity": "sha512-u6Od6NU5UJ5zMalcV4RNKaG9DarZDdKEOMap556NhOal1vE7T7DrAJVXyLqqXDlINTTUqWbdRL/zs2VgCdRjjg==",
      "engines": {
        "node": ">=8"
      }
    }
  },
  "dependencies": {
    "node-fetch": {
      "version": "2.6.1",
      "resolved": "https://registry.npmjs.org/node-fetch/-/node-fetch-2.6.1.tgz",
      "integrity": "sha512-V4aYg89jEoVRxRb2fJdAg8FHvI7cEyYdVAh94HH0UIK8oJxUfkjlDQN9RbMx+bEjP7+ggMiFRprSti032Oipxw=="
    },
    "wallpaper": {
      "version": "4.4.2",
      "resolved": "https://registry.npmjs.org/wallpaper/-/wallpaper-4.4.2.tgz",
      "integrity": "sha512-u6Od6NU5UJ5zMalcV4RNKaG9DarZDdKEOMap556NhOal1vE7T7DrAJVXyLqqXDlINTTUqWbdRL/zs2VgCdRjjg=="
    }
  }
}
